# THIS IS AN AUTOGENERATED FILE. DO NOT EDIT THIS FILE DIRECTLY.
# yarn lockfile v1


"@remix-run/router@1.10.0":
  "integrity" "sha512-Lm+fYpMfZoEucJ7cMxgt4dYt8jLfbpwRCzAjm9UgSLOkmlqo9gupxt6YX3DY0Fk155NT9l17d/ydi+964uS9Lw=="
  "resolved" "https://registry.npmjs.org/@remix-run/router/-/router-1.10.0.tgz"
  "version" "1.10.0"

"js-cookie@^3.0.1":
  "integrity" "sha512-cEiJEAEoIbWfCZYKWhVwFuvPX1gETRYPw6LlaTKoxD3s2AkXzkCjnp6h0V77ozyqj0jakteJ4YqDJT830+lVGw=="
  "resolved" "https://registry.npmjs.org/js-cookie/-/js-cookie-3.0.5.tgz"
  "version" "3.0.5"

"js-tokens@^3.0.0 || ^4.0.0":
  "integrity" "sha512-RdJUflcE3cUzKiMqQgsCu06FPu9UdIJO0beYbPhHN4k6apgJtifcoCtT9bcxOpYBtpD2kCM6Sbzg4CausW/PKQ=="
  "resolved" "https://registry.npmjs.org/js-tokens/-/js-tokens-4.0.0.tgz"
  "version" "4.0.0"

"loose-envify@^1.1.0":
  "integrity" "sha512-lyuxPGr/Wfhrlem2CL/UcnUc1zcqKAImBDzukY7Y5F/yQiNdko6+fRLevlw1HgMySw7f611UIY408EtxRSoK3Q=="
  "resolved" "https://registry.npmjs.org/loose-envify/-/loose-envify-1.4.0.tgz"
  "version" "1.4.0"
  dependencies:
    "js-tokens" "^3.0.0 || ^4.0.0"

"react-auth-kit@^3.0.0-alpha.6":
  "integrity" "sha512-jSQ5dW9Yx7vziAAIYMZp2vGeaDj2BpDkgOtYvGYwaJvolm/cim5zJEGVR+cQky0+tL/vRbhMQAJ+1m2qOUrIVQ=="
  "resolved" "https://registry.npmjs.org/react-auth-kit/-/react-auth-kit-3.0.0-alpha.27.tgz"
  "version" "3.0.0-alpha.27"
  dependencies:
    "js-cookie" "^3.0.1"
    "rxjs" "^7.8.1"

"react-dom@>=16.8", "react-dom@>=16.8.0 || ^17.x || ^18.x":
  "integrity" "sha512-6IMTriUmvsjHUjNtEDudZfuDQUoWXVxKHhlEGSk81n4YFS+r/Kl99wXiwlVXtPBtJenozv2P+hxDsw9eA7Xo6g=="
  "resolved" "https://registry.npmjs.org/react-dom/-/react-dom-18.2.0.tgz"
  "version" "18.2.0"
  dependencies:
    "loose-envify" "^1.1.0"
    "scheduler" "^0.23.0"

"react-router-dom@>=6.x":
  "integrity" "sha512-qWHkkbXQX+6li0COUUPKAUkxjNNqPJuiBd27dVwQGDNsuFBdMbrS6UZ0CLYc4CsbdLYTckn4oB4tGDuPZpPhaQ=="
  "resolved" "https://registry.npmjs.org/react-router-dom/-/react-router-dom-6.17.0.tgz"
  "version" "6.17.0"
  dependencies:
    "@remix-run/router" "1.10.0"
    "react-router" "6.17.0"

"react-router@6.17.0":
  "integrity" "sha512-YJR3OTJzi3zhqeJYADHANCGPUu9J+6fT5GLv82UWRGSxu6oJYCKVmxUcaBQuGm9udpWmPsvpme/CdHumqgsoaA=="
  "resolved" "https://registry.npmjs.org/react-router/-/react-router-6.17.0.tgz"
  "version" "6.17.0"
  dependencies:
    "@remix-run/router" "1.10.0"

"react@^18.2.0", "react@>=16.8", "react@>=16.8.0 || ^17.x || ^18.x":
  "integrity" "sha512-/3IjMdb2L9QbBdWiW5e3P2/npwMBaU9mHCSCUzNln0ZCYbcfTsGbTJrU/kGemdH2IWmB2ioZ+zkxtmq6g09fGQ=="
  "resolved" "https://registry.npmjs.org/react/-/react-18.2.0.tgz"
  "version" "18.2.0"
  dependencies:
    "loose-envify" "^1.1.0"

"rxjs@^7.8.1":
  "integrity" "sha512-AA3TVj+0A2iuIoQkWEK/tqFjBq2j+6PO6Y0zJcvzLAFhEFIO3HL0vls9hWLncZbAAbK0mar7oZ4V079I/qPMxg=="
  "resolved" "https://registry.npmjs.org/rxjs/-/rxjs-7.8.1.tgz"
  "version" "7.8.1"
  dependencies:
    "tslib" "^2.1.0"

"scheduler@^0.23.0":
  "integrity" "sha512-CtuThmgHNg7zIZWAXi3AsyIzA3n4xx7aNyjwC2VJldO2LMVDhFK+63xGqq6CsJH4rTAt6/M+N4GhZiDYPx9eUw=="
  "resolved" "https://registry.npmjs.org/scheduler/-/scheduler-0.23.0.tgz"
  "version" "0.23.0"
  dependencies:
    "loose-envify" "^1.1.0"

"tslib@^2.1.0":
  "integrity" "sha512-AEYxH93jGFPn/a2iVAwW87VuUIkR1FVUKB77NwMF7nBTDkDrrT/Hpt/IrCJ0QXhW27jTBDcf5ZY7w6RiqTMw2Q=="
  "resolved" "https://registry.npmjs.org/tslib/-/tslib-2.6.2.tgz"
  "version" "2.6.2"
