# THIS IS AN AUTOGENERATED FILE. DO NOT EDIT THIS FILE DIRECTLY.
# yarn lockfile v1


"@remix-run/router@1.9.0":
  version "1.9.0"
  resolved "https://registry.yarnpkg.com/@remix-run/router/-/router-1.9.0.tgz#9033238b41c4cbe1e961eccb3f79e2c588328cf6"
  integrity sha512-bV63itrKBC0zdT27qYm6SDZHlkXwFL1xMBuhkn+X7l0+IIhNaH5wuuvZKp6eKhCD4KFhujhfhCT1YxXW6esUIA==

js-cookie@^3.0.1:
  version "3.0.5"
  resolved "https://registry.yarnpkg.com/js-cookie/-/js-cookie-3.0.5.tgz#0b7e2fd0c01552c58ba86e0841f94dc2557dcdbc"
  integrity sha512-cEiJEAEoIbWfCZYKWhVwFuvPX1gETRYPw6LlaTKoxD3s2AkXzkCjnp6h0V77ozyqj0jakteJ4YqDJT830+lVGw==

"js-tokens@^3.0.0 || ^4.0.0":
  version "4.0.0"
  resolved "https://registry.yarnpkg.com/js-tokens/-/js-tokens-4.0.0.tgz#19203fb59991df98e3a287050d4647cdeaf32499"
  integrity sha512-RdJUflcE3cUzKiMqQgsCu06FPu9UdIJO0beYbPhHN4k6apgJtifcoCtT9bcxOpYBtpD2kCM6Sbzg4CausW/PKQ==

jwt-decode@^3.1.2:
  version "3.1.2"
  resolved "https://registry.yarnpkg.com/jwt-decode/-/jwt-decode-3.1.2.tgz#3fb319f3675a2df0c2895c8f5e9fa4b67b04ed59"
  integrity sha512-UfpWE/VZn0iP50d8cz9NrZLM9lSWhcJ+0Gt/nm4by88UL+J1SiKN8/5dkjMmbEzwL2CAe+67GsegCbIKtbp75A==

loose-envify@^1.1.0:
  version "1.4.0"
  resolved "https://registry.yarnpkg.com/loose-envify/-/loose-envify-1.4.0.tgz#71ee51fa7be4caec1a63839f7e682d8132d30caf"
  integrity sha512-lyuxPGr/Wfhrlem2CL/UcnUc1zcqKAImBDzukY7Y5F/yQiNdko6+fRLevlw1HgMySw7f611UIY408EtxRSoK3Q==
  dependencies:
    js-tokens "^3.0.0 || ^4.0.0"

react-auth-kit@^3.0.0-alpha.6:
  version "3.0.0-alpha.6"
  resolved "https://registry.yarnpkg.com/react-auth-kit/-/react-auth-kit-3.0.0-alpha.6.tgz#6d407e9d0ebaeda58240a9c13c6a7fa714b5b876"
  integrity sha512-szzsFNDbj7LwI6gptdULJh63xYYXRDGxNOmeUuE1+PvBG6xtTOQBqqjfi9d0Z1NFgA3p0VKHvqbf1wt/pqzwfA==
  dependencies:
    js-cookie "^3.0.1"
    jwt-decode "^3.1.2"
    react ">=16.8.0 || ^17.x || ^18.x"
    react-router-dom "^6.2.0"

react-router-dom@^6.2.0:
  version "6.16.0"
  resolved "https://registry.yarnpkg.com/react-router-dom/-/react-router-dom-6.16.0.tgz#86f24658da35eb66727e75ecbb1a029e33ee39d9"
  integrity sha512-aTfBLv3mk/gaKLxgRDUPbPw+s4Y/O+ma3rEN1u8EgEpLpPe6gNjIsWt9rxushMHHMb7mSwxRGdGlGdvmFsyPIg==
  dependencies:
    "@remix-run/router" "1.9.0"
    react-router "6.16.0"

react-router@6.16.0:
  version "6.16.0"
  resolved "https://registry.yarnpkg.com/react-router/-/react-router-6.16.0.tgz#abbf3d5bdc9c108c9b822a18be10ee004096fb81"
  integrity sha512-VT4Mmc4jj5YyjpOi5jOf0I+TYzGpvzERy4ckNSvSh2RArv8LLoCxlsZ2D+tc7zgjxcY34oTz2hZaeX5RVprKqA==
  dependencies:
    "@remix-run/router" "1.9.0"

"react@>=16.8.0 || ^17.x || ^18.x":
  version "18.2.0"
  resolved "https://registry.yarnpkg.com/react/-/react-18.2.0.tgz#555bd98592883255fa00de14f1151a917b5d77d5"
  integrity sha512-/3IjMdb2L9QbBdWiW5e3P2/npwMBaU9mHCSCUzNln0ZCYbcfTsGbTJrU/kGemdH2IWmB2ioZ+zkxtmq6g09fGQ==
  dependencies:
    loose-envify "^1.1.0"
